
Microsoft Visual Studio Solution File, Format Version 11.00
# Visual Studio 2010
Project("{FAE04EC0-301F-11D3-BF4B-00C04F79EFBC}") = "TestSharpGL", "TestSharpGL\TestSharpGL.csproj", "{833C68F0-BE7A-4E32-B7CE-D9BB4546B59D}"
EndProject
Global
	GlobalSection(SolutionConfigurationPlatforms) = preSolution
		Debug|x86 = Debug|x86
		Release|x86 = Release|x86
	EndGlobalSection
	GlobalSection(ProjectConfigurationPlatforms) = postSolution
		{833C68F0-BE7A-4E32-B7CE-D9BB4546B59D}.Debug|x86.ActiveCfg = Debug|x86
		{833C68F0-BE7A-4E32-B7CE-D9BB4546B59D}.Debug|x86.Build.0 = Debug|x86
		{833C68F0-BE7A-4E32-B7CE-D9BB4546B59D}.Release|x86.ActiveCfg = Release|x86
		{833C68F0-BE7A-4E32-B7CE-D9BB4546B59D}.Release|x86.Build.0 = Release|x86
	EndGlobalSection
	GlobalSection(SolutionProperties) = preSolution
		HideSolutionNode = FALSE
	EndGlobalSection
EndGlobal
